
Microsoft Visual Studio Solution File, Format Version 12.00
# Visual Studio Version 16
VisualStudioVersion = 16.0.35931.194
MinimumVisualStudioVersion = 10.0.40219.1
Project("{FAE04EC0-301F-11D3-BF4B-00C04F79EFBC}") = "SPA_Test1", "SPA_Test1\SPA_Test1.csproj", "{3BF34C32-DD10-4C91-BEBA-1643D45EE40B}"
EndProject
Global
	GlobalSection(SolutionConfigurationPlatforms) = preSolution
		Debug|Any CPU = Debug|Any CPU
		Release|Any CPU = Release|Any CPU
	EndGlobalSection
	GlobalSection(ProjectConfigurationPlatforms) = postSolution
		{3BF34C32-DD10-4C91-BEBA-1643D45EE40B}.Debug|Any CPU.ActiveCfg = Debug|Any CPU
		{3BF34C32-DD10-4C91-BEBA-1643D45EE40B}.Debug|Any CPU.Build.0 = Debug|Any CPU
		{3BF34C32-DD10-4C91-BEBA-1643D45EE40B}.Release|Any CPU.ActiveCfg = Release|Any CPU
		{3BF34C32-DD10-4C91-BEBA-1643D45EE40B}.Release|Any CPU.Build.0 = Release|Any CPU
	EndGlobalSection
	GlobalSection(SolutionProperties) = preSolution
		HideSolutionNode = FALSE
	EndGlobalSection
	GlobalSection(ExtensibilityGlobals) = postSolution
		SolutionGuid = {8E2812F6-22CE-47EB-9466-308D06F90C8F}
	EndGlobalSection
EndGlobal
